
Microsoft Visual Studio Solution File, Format Version 12.00
# Visual Studio Version 17
VisualStudioVersion = 17.5.002.0
MinimumVisualStudioVersion = 10.0.40219.1
Project("{9A19103F-16F7-4668-BE54-9A1E7A4F7556}") = "COURSE-PROJECT-3.8-davery", "COURSE-PROJECT-3.8-davery.csproj", "{FD87062D-6627-47F1-96DE-9247A8ECA1FF}"
EndProject
Global
	GlobalSection(SolutionConfigurationPlatforms) = preSolution
		Debug|Any CPU = Debug|Any CPU
		Release|Any CPU = Release|Any CPU
	EndGlobalSection
	GlobalSection(ProjectConfigurationPlatforms) = postSolution
		{FD87062D-6627-47F1-96DE-9247A8ECA1FF}.Debug|Any CPU.ActiveCfg = Debug|Any CPU
		{FD87062D-6627-47F1-96DE-9247A8ECA1FF}.Debug|Any CPU.Build.0 = Debug|Any CPU
		{FD87062D-6627-47F1-96DE-9247A8ECA1FF}.Release|Any CPU.ActiveCfg = Release|Any CPU
		{FD87062D-6627-47F1-96DE-9247A8ECA1FF}.Release|Any CPU.Build.0 = Release|Any CPU
	EndGlobalSection
	GlobalSection(SolutionProperties) = preSolution
		HideSolutionNode = FALSE
	EndGlobalSection
	GlobalSection(ExtensibilityGlobals) = postSolution
		SolutionGuid = {1A8F3D1F-32E8-4DA8-96F1-C8C5530A90F5}
	EndGlobalSection
EndGlobal
